
Microsoft Visual Studio Solution File, Format Version 12.00
# Visual Studio 2013
VisualStudioVersion = 12.0.31101.0
MinimumVisualStudioVersion = 10.0.40219.1
Project("{8BC9CEB8-8B4A-11D0-8D11-00A0C91BC942}") = "운석피하기_1", "운석피하기_1\운석피하기_1.vcxproj", "{F31D52BA-4124-4FD1-9978-62F441D73E94}"
EndProject
Global
	GlobalSection(SolutionConfigurationPlatforms) = preSolution
		Debug|Win32 = Debug|Win32
		Release|Win32 = Release|Win32
	EndGlobalSection
	GlobalSection(ProjectConfigurationPlatforms) = postSolution
		{F31D52BA-4124-4FD1-9978-62F441D73E94}.Debug|Win32.ActiveCfg = Debug|Win32
		{F31D52BA-4124-4FD1-9978-62F441D73E94}.Debug|Win32.Build.0 = Debug|Win32
		{F31D52BA-4124-4FD1-9978-62F441D73E94}.Release|Win32.ActiveCfg = Release|Win32
		{F31D52BA-4124-4FD1-9978-62F441D73E94}.Release|Win32.Build.0 = Release|Win32
	EndGlobalSection
	GlobalSection(SolutionProperties) = preSolution
		HideSolutionNode = FALSE
	EndGlobalSection
EndGlobal
